
Microsoft Visual Studio Solution File, Format Version 12.00
Project("{FAE04EC0-301F-11D3-BF4B-00C04F79EFBC}") = "Organization.Data", "Organization.Data\Organization.Data.csproj", "{2AA32208-45A8-4043-845B-271AD855AE3F}"
EndProject
Project("{FAE04EC0-301F-11D3-BF4B-00C04F79EFBC}") = "Identity.Data", "Identity.Data\Identity.Data.csproj", "{C3248973-5326-4597-A12A-E4D05927F2DC}"
EndProject
Project("{FAE04EC0-301F-11D3-BF4B-00C04F79EFBC}") = "SalaryCalculation.Data", "SalaryCalculation.Data\SalaryCalculation.Data.csproj", "{61B44444-916F-4F04-AABC-867A66802A43}"
EndProject
Project("{FAE04EC0-301F-11D3-BF4B-00C04F79EFBC}") = "Schedule.Data", "Schedule.Data\Schedule.Data.csproj", "{920822BC-26BC-4EC1-9A52-01165B31825B}"
EndProject
Project("{FAE04EC0-301F-11D3-BF4B-00C04F79EFBC}") = "Calculation.Data", "Calculation.Data\Calculation.Data.csproj", "{1C319BAC-97FA-4415-97CB-6347805A9265}"
EndProject
Project("{FAE04EC0-301F-11D3-BF4B-00C04F79EFBC}") = "SalaryCalculation.Shared.Extensions", "SalaryCalculation.Shared.Extensions\SalaryCalculation.Shared.Extensions.csproj", "{B373EEDB-0BAD-4775-97B9-9CC730EA9CED}"
EndProject
Project("{FAE04EC0-301F-11D3-BF4B-00C04F79EFBC}") = "Dictionary.Models", "Dictionary.Models\Dictionary.Models.csproj", "{C75479A1-D676-4434-9385-1F556A49625D}"
EndProject
Project("{FAE04EC0-301F-11D3-BF4B-00C04F79EFBC}") = "Documents.Data", "Documents.Data\Documents.Data.csproj", "{50E12640-F216-4B27-85AC-F59AE05443C0}"
EndProject
Project("{2150E333-8FDC-42A3-9474-1A3956D46DE8}") = "Identity", "Identity", "{2FEDB61C-DF05-4270-9060-C8CA91E3F148}"
EndProject
Project("{2150E333-8FDC-42A3-9474-1A3956D46DE8}") = "Organization", "Organization", "{7C950898-E183-485E-BD99-BFED8A89AF13}"
EndProject
Project("{2150E333-8FDC-42A3-9474-1A3956D46DE8}") = "Shared", "Shared", "{5E992A9B-6697-49CE-A7FB-3D89A1CE1A23}"
EndProject
Project("{2150E333-8FDC-42A3-9474-1A3956D46DE8}") = "Calculation", "Calculation", "{B7B97FAB-A469-423D-9211-166E31768718}"
EndProject
Project("{2150E333-8FDC-42A3-9474-1A3956D46DE8}") = "Dictionary", "Dictionary", "{A9CE8A53-029A-4E00-8D35-EF2624835505}"
EndProject
Project("{2150E333-8FDC-42A3-9474-1A3956D46DE8}") = "Documents", "Documents", "{927BC263-545B-4A32-A97B-8B7F66904BC4}"
EndProject
Project("{2150E333-8FDC-42A3-9474-1A3956D46DE8}") = "Shedule", "Shedule", "{2C9B2166-8462-4927-95AE-01E8FC1C02E1}"
EndProject
Project("{FAE04EC0-301F-11D3-BF4B-00C04F79EFBC}") = "Identity.App", "Identity.App\Identity.App.csproj", "{66BBB771-8AA0-4E7E-A79C-FE6FA7F47CCD}"
EndProject
Project("{FAE04EC0-301F-11D3-BF4B-00C04F79EFBC}") = "Identity.Api", "Identity.Api\Identity.Api.csproj", "{466A9FA6-E2AD-4548-BC94-08CF35D56D02}"
EndProject
Global
	GlobalSection(SolutionConfigurationPlatforms) = preSolution
		Debug|Any CPU = Debug|Any CPU
		Release|Any CPU = Release|Any CPU
	EndGlobalSection
	GlobalSection(ProjectConfigurationPlatforms) = postSolution
		{2AA32208-45A8-4043-845B-271AD855AE3F}.Debug|Any CPU.ActiveCfg = Debug|Any CPU
		{2AA32208-45A8-4043-845B-271AD855AE3F}.Debug|Any CPU.Build.0 = Debug|Any CPU
		{2AA32208-45A8-4043-845B-271AD855AE3F}.Release|Any CPU.ActiveCfg = Release|Any CPU
		{2AA32208-45A8-4043-845B-271AD855AE3F}.Release|Any CPU.Build.0 = Release|Any CPU
		{C3248973-5326-4597-A12A-E4D05927F2DC}.Debug|Any CPU.ActiveCfg = Debug|Any CPU
		{C3248973-5326-4597-A12A-E4D05927F2DC}.Debug|Any CPU.Build.0 = Debug|Any CPU
		{C3248973-5326-4597-A12A-E4D05927F2DC}.Release|Any CPU.ActiveCfg = Release|Any CPU
		{C3248973-5326-4597-A12A-E4D05927F2DC}.Release|Any CPU.Build.0 = Release|Any CPU
		{61B44444-916F-4F04-AABC-867A66802A43}.Debug|Any CPU.ActiveCfg = Debug|Any CPU
		{61B44444-916F-4F04-AABC-867A66802A43}.Debug|Any CPU.Build.0 = Debug|Any CPU
		{61B44444-916F-4F04-AABC-867A66802A43}.Release|Any CPU.ActiveCfg = Release|Any CPU
		{61B44444-916F-4F04-AABC-867A66802A43}.Release|Any CPU.Build.0 = Release|Any CPU
		{920822BC-26BC-4EC1-9A52-01165B31825B}.Debug|Any CPU.ActiveCfg = Debug|Any CPU
		{920822BC-26BC-4EC1-9A52-01165B31825B}.Debug|Any CPU.Build.0 = Debug|Any CPU
		{920822BC-26BC-4EC1-9A52-01165B31825B}.Release|Any CPU.ActiveCfg = Release|Any CPU
		{920822BC-26BC-4EC1-9A52-01165B31825B}.Release|Any CPU.Build.0 = Release|Any CPU
		{1C319BAC-97FA-4415-97CB-6347805A9265}.Debug|Any CPU.ActiveCfg = Debug|Any CPU
		{1C319BAC-97FA-4415-97CB-6347805A9265}.Debug|Any CPU.Build.0 = Debug|Any CPU
		{1C319BAC-97FA-4415-97CB-6347805A9265}.Release|Any CPU.ActiveCfg = Release|Any CPU
		{1C319BAC-97FA-4415-97CB-6347805A9265}.Release|Any CPU.Build.0 = Release|Any CPU
		{B373EEDB-0BAD-4775-97B9-9CC730EA9CED}.Debug|Any CPU.ActiveCfg = Debug|Any CPU
		{B373EEDB-0BAD-4775-97B9-9CC730EA9CED}.Debug|Any CPU.Build.0 = Debug|Any CPU
		{B373EEDB-0BAD-4775-97B9-9CC730EA9CED}.Release|Any CPU.ActiveCfg = Release|Any CPU
		{B373EEDB-0BAD-4775-97B9-9CC730EA9CED}.Release|Any CPU.Build.0 = Release|Any CPU
		{C75479A1-D676-4434-9385-1F556A49625D}.Debug|Any CPU.ActiveCfg = Debug|Any CPU
		{C75479A1-D676-4434-9385-1F556A49625D}.Debug|Any CPU.Build.0 = Debug|Any CPU
		{C75479A1-D676-4434-9385-1F556A49625D}.Release|Any CPU.ActiveCfg = Release|Any CPU
		{C75479A1-D676-4434-9385-1F556A49625D}.Release|Any CPU.Build.0 = Release|Any CPU
		{50E12640-F216-4B27-85AC-F59AE05443C0}.Debug|Any CPU.ActiveCfg = Debug|Any CPU
		{50E12640-F216-4B27-85AC-F59AE05443C0}.Debug|Any CPU.Build.0 = Debug|Any CPU
		{50E12640-F216-4B27-85AC-F59AE05443C0}.Release|Any CPU.ActiveCfg = Release|Any CPU
		{50E12640-F216-4B27-85AC-F59AE05443C0}.Release|Any CPU.Build.0 = Release|Any CPU
		{66BBB771-8AA0-4E7E-A79C-FE6FA7F47CCD}.Debug|Any CPU.ActiveCfg = Debug|Any CPU
		{66BBB771-8AA0-4E7E-A79C-FE6FA7F47CCD}.Debug|Any CPU.Build.0 = Debug|Any CPU
		{66BBB771-8AA0-4E7E-A79C-FE6FA7F47CCD}.Release|Any CPU.ActiveCfg = Release|Any CPU
		{66BBB771-8AA0-4E7E-A79C-FE6FA7F47CCD}.Release|Any CPU.Build.0 = Release|Any CPU
		{466A9FA6-E2AD-4548-BC94-08CF35D56D02}.Debug|Any CPU.ActiveCfg = Debug|Any CPU
		{466A9FA6-E2AD-4548-BC94-08CF35D56D02}.Debug|Any CPU.Build.0 = Debug|Any CPU
		{466A9FA6-E2AD-4548-BC94-08CF35D56D02}.Release|Any CPU.ActiveCfg = Release|Any CPU
		{466A9FA6-E2AD-4548-BC94-08CF35D56D02}.Release|Any CPU.Build.0 = Release|Any CPU
	EndGlobalSection
	GlobalSection(NestedProjects) = preSolution
		{C3248973-5326-4597-A12A-E4D05927F2DC} = {2FEDB61C-DF05-4270-9060-C8CA91E3F148}
		{2AA32208-45A8-4043-845B-271AD855AE3F} = {7C950898-E183-485E-BD99-BFED8A89AF13}
		{B373EEDB-0BAD-4775-97B9-9CC730EA9CED} = {5E992A9B-6697-49CE-A7FB-3D89A1CE1A23}
		{61B44444-916F-4F04-AABC-867A66802A43} = {5E992A9B-6697-49CE-A7FB-3D89A1CE1A23}
		{1C319BAC-97FA-4415-97CB-6347805A9265} = {B7B97FAB-A469-423D-9211-166E31768718}
		{C75479A1-D676-4434-9385-1F556A49625D} = {A9CE8A53-029A-4E00-8D35-EF2624835505}
		{50E12640-F216-4B27-85AC-F59AE05443C0} = {927BC263-545B-4A32-A97B-8B7F66904BC4}
		{920822BC-26BC-4EC1-9A52-01165B31825B} = {2C9B2166-8462-4927-95AE-01E8FC1C02E1}
		{66BBB771-8AA0-4E7E-A79C-FE6FA7F47CCD} = {2FEDB61C-DF05-4270-9060-C8CA91E3F148}
		{466A9FA6-E2AD-4548-BC94-08CF35D56D02} = {2FEDB61C-DF05-4270-9060-C8CA91E3F148}
	EndGlobalSection
EndGlobal
