
Microsoft Visual Studio Solution File, Format Version 12.00
Project("{FAE04EC0-301F-11D3-BF4B-00C04F79EFBC}") = "Organization.Data", "Organization.Data\Organization.Data.csproj", "{2AA32208-45A8-4043-845B-271AD855AE3F}"
EndProject
Project("{FAE04EC0-301F-11D3-BF4B-00C04F79EFBC}") = "Identity.Data", "Identity.Data\Identity.Data.csproj", "{C3248973-5326-4597-A12A-E4D05927F2DC}"
EndProject
Project("{FAE04EC0-301F-11D3-BF4B-00C04F79EFBC}") = "SalaryCalculation.Data", "SalaryCalculation.Data\SalaryCalculation.Data.csproj", "{61B44444-916F-4F04-AABC-867A66802A43}"
EndProject
Project("{FAE04EC0-301F-11D3-BF4B-00C04F79EFBC}") = "Schedule.Data", "Schedule.Data\Schedule.Data.csproj", "{920822BC-26BC-4EC1-9A52-01165B31825B}"
EndProject
Project("{FAE04EC0-301F-11D3-BF4B-00C04F79EFBC}") = "Calculation.Data", "Calculation.Data\Calculation.Data.csproj", "{1C319BAC-97FA-4415-97CB-6347805A9265}"
EndProject
Global
	GlobalSection(SolutionConfigurationPlatforms) = preSolution
		Debug|Any CPU = Debug|Any CPU
		Release|Any CPU = Release|Any CPU
	EndGlobalSection
	GlobalSection(ProjectConfigurationPlatforms) = postSolution
		{2AA32208-45A8-4043-845B-271AD855AE3F}.Debug|Any CPU.ActiveCfg = Debug|Any CPU
		{2AA32208-45A8-4043-845B-271AD855AE3F}.Debug|Any CPU.Build.0 = Debug|Any CPU
		{2AA32208-45A8-4043-845B-271AD855AE3F}.Release|Any CPU.ActiveCfg = Release|Any CPU
		{2AA32208-45A8-4043-845B-271AD855AE3F}.Release|Any CPU.Build.0 = Release|Any CPU
		{C3248973-5326-4597-A12A-E4D05927F2DC}.Debug|Any CPU.ActiveCfg = Debug|Any CPU
		{C3248973-5326-4597-A12A-E4D05927F2DC}.Debug|Any CPU.Build.0 = Debug|Any CPU
		{C3248973-5326-4597-A12A-E4D05927F2DC}.Release|Any CPU.ActiveCfg = Release|Any CPU
		{C3248973-5326-4597-A12A-E4D05927F2DC}.Release|Any CPU.Build.0 = Release|Any CPU
		{61B44444-916F-4F04-AABC-867A66802A43}.Debug|Any CPU.ActiveCfg = Debug|Any CPU
		{61B44444-916F-4F04-AABC-867A66802A43}.Debug|Any CPU.Build.0 = Debug|Any CPU
		{61B44444-916F-4F04-AABC-867A66802A43}.Release|Any CPU.ActiveCfg = Release|Any CPU
		{61B44444-916F-4F04-AABC-867A66802A43}.Release|Any CPU.Build.0 = Release|Any CPU
		{920822BC-26BC-4EC1-9A52-01165B31825B}.Debug|Any CPU.ActiveCfg = Debug|Any CPU
		{920822BC-26BC-4EC1-9A52-01165B31825B}.Debug|Any CPU.Build.0 = Debug|Any CPU
		{920822BC-26BC-4EC1-9A52-01165B31825B}.Release|Any CPU.ActiveCfg = Release|Any CPU
		{920822BC-26BC-4EC1-9A52-01165B31825B}.Release|Any CPU.Build.0 = Release|Any CPU
		{1C319BAC-97FA-4415-97CB-6347805A9265}.Debug|Any CPU.ActiveCfg = Debug|Any CPU
		{1C319BAC-97FA-4415-97CB-6347805A9265}.Debug|Any CPU.Build.0 = Debug|Any CPU
		{1C319BAC-97FA-4415-97CB-6347805A9265}.Release|Any CPU.ActiveCfg = Release|Any CPU
		{1C319BAC-97FA-4415-97CB-6347805A9265}.Release|Any CPU.Build.0 = Release|Any CPU
	EndGlobalSection
EndGlobal
